// !$*UTF8*$!
{
	archiveVersion = 1;
	classes = {
	};
	objectVersion = 77;
	objects = {

/* Begin PBXBuildFile section */
		527C38A4BC72BA9E88FCBC03 /* WebBridgeView.swift in Sources */ = {isa = PBXBuildFile; fileRef = 4A2CDC78AAAB02E0648D87D0 /* WebBridgeView.swift */; };
		59992BBF4DB740DFB20EC084 /* EdgeJSDemoApp.swift in Sources */ = {isa = PBXBuildFile; fileRef = 62D7A9EEF2BA6FA793EA2590 /* EdgeJSDemoApp.swift */; };
		6D7EEEBF6581291D0C694038 /* EdgeJSDemoUITests.swift in Sources */ = {isa = PBXBuildFile; fileRef = F467E8BA613FB83D0A793979 /* EdgeJSDemoUITests.swift */; };
		957CEC7E6CA2614CA55E8371 /* EdgeJSManager.swift in Sources */ = {isa = PBXBuildFile; fileRef = E243400373F17915F240A072 /* EdgeJSManager.swift */; };
		/* SocketBridge.swift removed from build — uses incompatible newline protocol */
		D8C027019FA132AA6D11ACF1 /* ContentView.swift in Sources */ = {isa = PBXBuildFile; fileRef = 26437032F7104DBD3A978CFB /* ContentView.swift */; };
		EB1D4BCA688E6162D8094012 /* JavaScriptCore.framework in Frameworks */ = {isa = PBXBuildFile; fileRef = 6B243E9F06E6E1CD4AD7BBDA /* JavaScriptCore.framework */; };
		AA0001AA00000001AABBCC01 /* FrameCodec.swift in Sources */ = {isa = PBXBuildFile; fileRef = AA0001FF00000001AABBCC01 /* FrameCodec.swift */; };
		AA0001AA00000002AABBCC02 /* JobTalk.swift in Sources */ = {isa = PBXBuildFile; fileRef = AA0001FF00000002AABBCC02 /* JobTalk.swift */; };
		AA0001AA00000003AABBCC03 /* TaskContext.swift in Sources */ = {isa = PBXBuildFile; fileRef = AA0001FF00000003AABBCC03 /* TaskContext.swift */; };
		AA0001AA00000004AABBCC04 /* UDSocket.swift in Sources */ = {isa = PBXBuildFile; fileRef = AA0001FF00000004AABBCC04 /* UDSocket.swift */; };
		AA0001AA00000005AABBCC05 /* UDSServer.swift in Sources */ = {isa = PBXBuildFile; fileRef = AA0001FF00000005AABBCC05 /* UDSServer.swift */; };
		AA0001AA00000006AABBCC06 /* UDSClient.swift in Sources */ = {isa = PBXBuildFile; fileRef = AA0001FF00000006AABBCC06 /* UDSClient.swift */; };
		AA0001AA00000007AABBCC07 /* SocketManager.swift in Sources */ = {isa = PBXBuildFile; fileRef = AA0001FF00000007AABBCC07 /* SocketManager.swift */; };
		AA0001AA00000008AABBCC08 /* SocketUtil.swift in Sources */ = {isa = PBXBuildFile; fileRef = AA0001FF00000008AABBCC08 /* SocketUtil.swift */; };
		AA0001AA00000009AABBCC09 /* Producer.swift in Sources */ = {isa = PBXBuildFile; fileRef = AA0001FF00000009AABBCC09 /* Producer.swift */; };
		AA0001AA0000000AAABBCC0A /* ProducerTasks.swift in Sources */ = {isa = PBXBuildFile; fileRef = AA0001FF0000000AAABBCC0A /* ProducerTasks.swift */; };
		AA0001AA0000000BAABBCC0B /* NodeJsTask.swift in Sources */ = {isa = PBXBuildFile; fileRef = AA0001FF0000000BAABBCC0B /* NodeJsTask.swift */; };
		FF0001AA00000001FF000001 /* SQLiteBridge.swift in Sources */ = {isa = PBXBuildFile; fileRef = FF0001FF00000001FF000001 /* SQLiteBridge.swift */; };
		DD0001AA00000001DDEEFF01 /* WebappView.swift in Sources */ = {isa = PBXBuildFile; fileRef = DD0001FF00000001DDEEFF01 /* WebappView.swift */; };
		EE0001AA00000001EEFF0001 /* SettingsView.swift in Sources */ = {isa = PBXBuildFile; fileRef = EE0001FF00000001EEFF0001 /* SettingsView.swift */; };
		BB0001AA00000001BBCCDD01 /* js in Resources */ = {isa = PBXBuildFile; fileRef = BB0001FF00000001BBCCDD01 /* js */; };
		BB0001AA00000002BBCCDD02 /* web in Resources */ = {isa = PBXBuildFile; fileRef = BB0001FF00000002BBCCDD02 /* web */; };
/* End PBXBuildFile section */

/* Begin PBXContainerItemProxy section */
		86A50975DDF7368FB42D1AD4 /* PBXContainerItemProxy */ = {
			isa = PBXContainerItemProxy;
			containerPortal = 48ACAAE70383C8E061CFC8F0 /* Project object */;
			proxyType = 1;
			remoteGlobalIDString = E5795654A4FF79CAFAA36BFD;
			remoteInfo = EdgeJSDemo;
		};
/* End PBXContainerItemProxy section */

/* Begin PBXFileReference section */
		26437032F7104DBD3A978CFB /* ContentView.swift */ = {isa = PBXFileReference; lastKnownFileType = sourcecode.swift; path = ContentView.swift; sourceTree = "<group>"; };
		4A08AF765357A15A2B20D9BB /* SocketBridge.swift */ = {isa = PBXFileReference; lastKnownFileType = sourcecode.swift; path = SocketBridge.swift; sourceTree = "<group>"; };
		4A2CDC78AAAB02E0648D87D0 /* WebBridgeView.swift */ = {isa = PBXFileReference; lastKnownFileType = sourcecode.swift; path = WebBridgeView.swift; sourceTree = "<group>"; };
		62D7A9EEF2BA6FA793EA2590 /* EdgeJSDemoApp.swift */ = {isa = PBXFileReference; lastKnownFileType = sourcecode.swift; path = EdgeJSDemoApp.swift; sourceTree = "<group>"; };
		6B243E9F06E6E1CD4AD7BBDA /* JavaScriptCore.framework */ = {isa = PBXFileReference; lastKnownFileType = wrapper.framework; name = JavaScriptCore.framework; path = System/Library/Frameworks/JavaScriptCore.framework; sourceTree = SDKROOT; };
		7EA02A8AEC05AB5D4529925C /* Info.plist */ = {isa = PBXFileReference; lastKnownFileType = text.plist; path = Info.plist; sourceTree = "<group>"; };
		94B5F0F2B3BAE6649201318E /* EdgeJSDemo.app */ = {isa = PBXFileReference; includeInIndex = 0; lastKnownFileType = wrapper.application; path = EdgeJSDemo.app; sourceTree = BUILT_PRODUCTS_DIR; };
		D02A9C5422896ED0804E226D /* EdgeJSDemoUITests.xctest */ = {isa = PBXFileReference; includeInIndex = 0; lastKnownFileType = wrapper.cfbundle; path = EdgeJSDemoUITests.xctest; sourceTree = BUILT_PRODUCTS_DIR; };
		D4013770E60FDE638DBFFADC /* HTTPProxyBridge.swift */ = {isa = PBXFileReference; lastKnownFileType = sourcecode.swift; path = HTTPProxyBridge.swift; sourceTree = "<group>"; };
		E243400373F17915F240A072 /* EdgeJSManager.swift */ = {isa = PBXFileReference; lastKnownFileType = sourcecode.swift; path = EdgeJSManager.swift; sourceTree = "<group>"; };
		F467E8BA613FB83D0A793979 /* EdgeJSDemoUITests.swift */ = {isa = PBXFileReference; lastKnownFileType = sourcecode.swift; path = EdgeJSDemoUITests.swift; sourceTree = "<group>"; };
		AA0001FF00000001AABBCC01 /* FrameCodec.swift */ = {isa = PBXFileReference; lastKnownFileType = sourcecode.swift; path = FrameCodec.swift; sourceTree = "<group>"; };
		AA0001FF00000002AABBCC02 /* JobTalk.swift */ = {isa = PBXFileReference; lastKnownFileType = sourcecode.swift; path = JobTalk.swift; sourceTree = "<group>"; };
		AA0001FF00000003AABBCC03 /* TaskContext.swift */ = {isa = PBXFileReference; lastKnownFileType = sourcecode.swift; path = TaskContext.swift; sourceTree = "<group>"; };
		AA0001FF00000004AABBCC04 /* UDSocket.swift */ = {isa = PBXFileReference; lastKnownFileType = sourcecode.swift; path = UDSocket.swift; sourceTree = "<group>"; };
		AA0001FF00000005AABBCC05 /* UDSServer.swift */ = {isa = PBXFileReference; lastKnownFileType = sourcecode.swift; path = UDSServer.swift; sourceTree = "<group>"; };
		AA0001FF00000006AABBCC06 /* UDSClient.swift */ = {isa = PBXFileReference; lastKnownFileType = sourcecode.swift; path = UDSClient.swift; sourceTree = "<group>"; };
		AA0001FF00000007AABBCC07 /* SocketManager.swift */ = {isa = PBXFileReference; lastKnownFileType = sourcecode.swift; path = SocketManager.swift; sourceTree = "<group>"; };
		AA0001FF00000008AABBCC08 /* SocketUtil.swift */ = {isa = PBXFileReference; lastKnownFileType = sourcecode.swift; path = SocketUtil.swift; sourceTree = "<group>"; };
		AA0001FF00000009AABBCC09 /* Producer.swift */ = {isa = PBXFileReference; lastKnownFileType = sourcecode.swift; path = Producer.swift; sourceTree = "<group>"; };
		AA0001FF0000000AAABBCC0A /* ProducerTasks.swift */ = {isa = PBXFileReference; lastKnownFileType = sourcecode.swift; path = ProducerTasks.swift; sourceTree = "<group>"; };
		AA0001FF0000000BAABBCC0B /* NodeJsTask.swift */ = {isa = PBXFileReference; lastKnownFileType = sourcecode.swift; path = NodeJsTask.swift; sourceTree = "<group>"; };
		FF0001FF00000001FF000001 /* SQLiteBridge.swift */ = {isa = PBXFileReference; lastKnownFileType = sourcecode.swift; path = SQLiteBridge.swift; sourceTree = "<group>"; };
		DD0001FF00000001DDEEFF01 /* WebappView.swift */ = {isa = PBXFileReference; lastKnownFileType = sourcecode.swift; path = WebappView.swift; sourceTree = "<group>"; };
		EE0001FF00000001EEFF0001 /* SettingsView.swift */ = {isa = PBXFileReference; lastKnownFileType = sourcecode.swift; path = SettingsView.swift; sourceTree = "<group>"; };
		BB0001FF00000001BBCCDD01 /* js */ = {isa = PBXFileReference; lastKnownFileType = folder; path = js; sourceTree = "<group>"; };
		BB0001FF00000002BBCCDD02 /* web */ = {isa = PBXFileReference; lastKnownFileType = folder; path = web; sourceTree = "<group>"; };
/* End PBXFileReference section */

/* Begin PBXFrameworksBuildPhase section */
		410DEE03465FF3520A452E3D /* Frameworks */ = {
			isa = PBXFrameworksBuildPhase;
			buildActionMask = 2147483647;
			files = (
				EB1D4BCA688E6162D8094012 /* JavaScriptCore.framework in Frameworks */,
			);
			runOnlyForDeploymentPostprocessing = 0;
		};
/* End PBXFrameworksBuildPhase section */

/* Begin PBXResourcesBuildPhase section */
		CC0001RR00000001CCDDEE01 /* Resources */ = {
			isa = PBXResourcesBuildPhase;
			buildActionMask = 2147483647;
			files = (
				BB0001AA00000001BBCCDD01 /* js in Resources */,
				BB0001AA00000002BBCCDD02 /* web in Resources */,
			);
			runOnlyForDeploymentPostprocessing = 0;
		};
/* End PBXResourcesBuildPhase section */

/* Begin PBXGroup section */
		20657B4B0BE8746823EF6F5A /* Frameworks */ = {
			isa = PBXGroup;
			children = (
				6B243E9F06E6E1CD4AD7BBDA /* JavaScriptCore.framework */,
			);
			name = Frameworks;
			sourceTree = "<group>";
		};
		3B04D0FC601A874FAF119878 = {
			isa = PBXGroup;
			children = (
				E09B3425302D160583B19DA5 /* EdgeJSDemo */,
				BB0001FF00000001BBCCDD01 /* js */,
				BB0001FF00000002BBCCDD02 /* web */,
				97140C7BB05EA40856A7E062 /* EdgeJSDemoUITests */,
				20657B4B0BE8746823EF6F5A /* Frameworks */,
				E1B409132961AC6C6A2BE68E /* Products */,
			);
			sourceTree = "<group>";
		};
		97140C7BB05EA40856A7E062 /* EdgeJSDemoUITests */ = {
			isa = PBXGroup;
			children = (
				F467E8BA613FB83D0A793979 /* EdgeJSDemoUITests.swift */,
			);
			path = EdgeJSDemoUITests;
			sourceTree = "<group>";
		};
		AA0001GG00000001AABBCC01 /* Socket */ = {
			isa = PBXGroup;
			children = (
				AA0001FF00000001AABBCC01 /* FrameCodec.swift */,
				AA0001FF00000002AABBCC02 /* JobTalk.swift */,
				AA0001FF00000003AABBCC03 /* TaskContext.swift */,
				AA0001FF00000004AABBCC04 /* UDSocket.swift */,
				AA0001FF00000005AABBCC05 /* UDSServer.swift */,
				AA0001FF00000006AABBCC06 /* UDSClient.swift */,
				AA0001FF00000007AABBCC07 /* SocketManager.swift */,
				AA0001FF00000008AABBCC08 /* SocketUtil.swift */,
				AA0001FF00000009AABBCC09 /* Producer.swift */,
				AA0001FF0000000AAABBCC0A /* ProducerTasks.swift */,
				AA0001FF0000000BAABBCC0B /* NodeJsTask.swift */,
				FF0001FF00000001FF000001 /* SQLiteBridge.swift */,
			);
			path = Socket;
			sourceTree = "<group>";
		};
		E09B3425302D160583B19DA5 /* EdgeJSDemo */ = {
			isa = PBXGroup;
			children = (
				AA0001GG00000001AABBCC01 /* Socket */,
				26437032F7104DBD3A978CFB /* ContentView.swift */,
				62D7A9EEF2BA6FA793EA2590 /* EdgeJSDemoApp.swift */,
				E243400373F17915F240A072 /* EdgeJSManager.swift */,
				7EA02A8AEC05AB5D4529925C /* Info.plist */,
				4A2CDC78AAAB02E0648D87D0 /* WebBridgeView.swift */,
				DD0001FF00000001DDEEFF01 /* WebappView.swift */,
				EE0001FF00000001EEFF0001 /* SettingsView.swift */,
			);
			path = EdgeJSDemo;
			sourceTree = "<group>";
		};
		E1B409132961AC6C6A2BE68E /* Products */ = {
			isa = PBXGroup;
			children = (
				94B5F0F2B3BAE6649201318E /* EdgeJSDemo.app */,
				D02A9C5422896ED0804E226D /* EdgeJSDemoUITests.xctest */,
			);
			name = Products;
			sourceTree = "<group>";
		};
/* End PBXGroup section */

/* Begin PBXNativeTarget section */
		299D4CFB9D9891BCE98D7E14 /* EdgeJSDemoUITests */ = {
			isa = PBXNativeTarget;
			buildConfigurationList = 5554F13BED6AF0C0A297251E /* Build configuration list for PBXNativeTarget "EdgeJSDemoUITests" */;
			buildPhases = (
				D8C3A89911D67AECA58B4512 /* Sources */,
			);
			buildRules = (
			);
			dependencies = (
				0C48DD27A97A04950D4C3ADB /* PBXTargetDependency */,
			);
			name = EdgeJSDemoUITests;
			packageProductDependencies = (
			);
			productName = EdgeJSDemoUITests;
			productReference = D02A9C5422896ED0804E226D /* EdgeJSDemoUITests.xctest */;
			productType = "com.apple.product-type.bundle.ui-testing";
		};
		E5795654A4FF79CAFAA36BFD /* EdgeJSDemo */ = {
			isa = PBXNativeTarget;
			buildConfigurationList = C13B6427239EDD8681FC1455 /* Build configuration list for PBXNativeTarget "EdgeJSDemo" */;
			buildPhases = (
				00D3B25722EA589E1BEEFA91 /* Sources */,
				410DEE03465FF3520A452E3D /* Frameworks */,
				CC0001RR00000001CCDDEE01 /* Resources */,
			);
			buildRules = (
			);
			dependencies = (
			);
			name = EdgeJSDemo;
			packageProductDependencies = (
			);
			productName = EdgeJSDemo;
			productReference = 94B5F0F2B3BAE6649201318E /* EdgeJSDemo.app */;
			productType = "com.apple.product-type.application";
		};
/* End PBXNativeTarget section */

/* Begin PBXProject section */
		48ACAAE70383C8E061CFC8F0 /* Project object */ = {
			isa = PBXProject;
			attributes = {
				BuildIndependentTargetsInParallel = YES;
				LastUpgradeCheck = 1500;
				TargetAttributes = {
					299D4CFB9D9891BCE98D7E14 = {
						TestTargetID = E5795654A4FF79CAFAA36BFD;
					};
				};
			};
			buildConfigurationList = 62E72A5414AE5383D3ED82CF /* Build configuration list for PBXProject "EdgeJSDemo" */;
			developmentRegion = en;
			hasScannedForEncodings = 0;
			knownRegions = (
				Base,
				en,
			);
			mainGroup = 3B04D0FC601A874FAF119878;
			minimizedProjectReferenceProxies = 1;
			preferredProjectObjectVersion = 77;
			productRefGroup = E1B409132961AC6C6A2BE68E /* Products */;
			projectDirPath = "";
			projectRoot = "";
			targets = (
				E5795654A4FF79CAFAA36BFD /* EdgeJSDemo */,
				299D4CFB9D9891BCE98D7E14 /* EdgeJSDemoUITests */,
			);
		};
/* End PBXProject section */

/* Begin PBXSourcesBuildPhase section */
		00D3B25722EA589E1BEEFA91 /* Sources */ = {
			isa = PBXSourcesBuildPhase;
			buildActionMask = 2147483647;
			files = (
				D8C027019FA132AA6D11ACF1 /* ContentView.swift in Sources */,
				59992BBF4DB740DFB20EC084 /* EdgeJSDemoApp.swift in Sources */,
				957CEC7E6CA2614CA55E8371 /* EdgeJSManager.swift in Sources */,
				/* SocketBridge.swift removed — incompatible protocol */
				527C38A4BC72BA9E88FCBC03 /* WebBridgeView.swift in Sources */,
				AA0001AA00000001AABBCC01 /* FrameCodec.swift in Sources */,
				AA0001AA00000002AABBCC02 /* JobTalk.swift in Sources */,
				AA0001AA00000003AABBCC03 /* TaskContext.swift in Sources */,
				AA0001AA00000004AABBCC04 /* UDSocket.swift in Sources */,
				AA0001AA00000005AABBCC05 /* UDSServer.swift in Sources */,
				AA0001AA00000006AABBCC06 /* UDSClient.swift in Sources */,
				AA0001AA00000007AABBCC07 /* SocketManager.swift in Sources */,
				AA0001AA00000008AABBCC08 /* SocketUtil.swift in Sources */,
				AA0001AA00000009AABBCC09 /* Producer.swift in Sources */,
				AA0001AA0000000AAABBCC0A /* ProducerTasks.swift in Sources */,
				AA0001AA0000000BAABBCC0B /* NodeJsTask.swift in Sources */,
				FF0001AA00000001FF000001 /* SQLiteBridge.swift in Sources */,
				DD0001AA00000001DDEEFF01 /* WebappView.swift in Sources */,
				EE0001AA00000001EEFF0001 /* SettingsView.swift in Sources */,
			);
			runOnlyForDeploymentPostprocessing = 0;
		};
		D8C3A89911D67AECA58B4512 /* Sources */ = {
			isa = PBXSourcesBuildPhase;
			buildActionMask = 2147483647;
			files = (
				6D7EEEBF6581291D0C694038 /* EdgeJSDemoUITests.swift in Sources */,
			);
			runOnlyForDeploymentPostprocessing = 0;
		};
/* End PBXSourcesBuildPhase section */

/* Begin PBXTargetDependency section */
		0C48DD27A97A04950D4C3ADB /* PBXTargetDependency */ = {
			isa = PBXTargetDependency;
			target = E5795654A4FF79CAFAA36BFD /* EdgeJSDemo */;
			targetProxy = 86A50975DDF7368FB42D1AD4 /* PBXContainerItemProxy */;
		};
/* End PBXTargetDependency section */

/* Begin XCBuildConfiguration section */
		1DC51F0306E1024202016D45 /* Debug */ = {
			isa = XCBuildConfiguration;
			buildSettings = {
				ALWAYS_SEARCH_USER_PATHS = NO;
				CLANG_ANALYZER_NONNULL = YES;
				CLANG_ANALYZER_NUMBER_OBJECT_CONVERSION = YES_AGGRESSIVE;
				CLANG_CXX_LANGUAGE_STANDARD = "gnu++14";
				CLANG_CXX_LIBRARY = "libc++";
				CLANG_ENABLE_MODULES = YES;
				CLANG_ENABLE_OBJC_ARC = YES;
				CLANG_ENABLE_OBJC_WEAK = YES;
				CLANG_WARN_BLOCK_CAPTURE_AUTORELEASING = YES;
				CLANG_WARN_BOOL_CONVERSION = YES;
				CLANG_WARN_COMMA = YES;
				CLANG_WARN_CONSTANT_CONVERSION = YES;
				CLANG_WARN_DEPRECATED_OBJC_IMPLEMENTATIONS = YES;
				CLANG_WARN_DIRECT_OBJC_ISA_USAGE = YES_ERROR;
				CLANG_WARN_DOCUMENTATION_COMMENTS = YES;
				CLANG_WARN_EMPTY_BODY = YES;
				CLANG_WARN_ENUM_CONVERSION = YES;
				CLANG_WARN_INFINITE_RECURSION = YES;
				CLANG_WARN_INT_CONVERSION = YES;
				CLANG_WARN_NON_LITERAL_NULL_CONVERSION = YES;
				CLANG_WARN_OBJC_IMPLICIT_RETAIN_SELF = YES;
				CLANG_WARN_OBJC_LITERAL_CONVERSION = YES;
				CLANG_WARN_OBJC_ROOT_CLASS = YES_ERROR;
				CLANG_WARN_QUOTED_INCLUDE_IN_FRAMEWORK_HEADER = YES;
				CLANG_WARN_RANGE_LOOP_ANALYSIS = YES;
				CLANG_WARN_STRICT_PROTOTYPES = YES;
				CLANG_WARN_SUSPICIOUS_MOVE = YES;
				CLANG_WARN_UNGUARDED_AVAILABILITY = YES_AGGRESSIVE;
				CLANG_WARN_UNREACHABLE_CODE = YES;
				CLANG_WARN__DUPLICATE_METHOD_MATCH = YES;
				COPY_PHASE_STRIP = NO;
				DEBUG_INFORMATION_FORMAT = dwarf;
				ENABLE_STRICT_OBJC_MSGSEND = YES;
				ENABLE_TESTABILITY = YES;
				GCC_C_LANGUAGE_STANDARD = gnu11;
				GCC_DYNAMIC_NO_PIC = NO;
				GCC_NO_COMMON_BLOCKS = YES;
				GCC_OPTIMIZATION_LEVEL = 0;
				GCC_PREPROCESSOR_DEFINITIONS = (
					"$(inherited)",
					"DEBUG=1",
				);
				GCC_WARN_64_TO_32_BIT_CONVERSION = YES;
				GCC_WARN_ABOUT_RETURN_TYPE = YES_ERROR;
				GCC_WARN_UNDECLARED_SELECTOR = YES;
				GCC_WARN_UNINITIALIZED_AUTOS = YES_AGGRESSIVE;
				GCC_WARN_UNUSED_FUNCTION = YES;
				GCC_WARN_UNUSED_VARIABLE = YES;
				IPHONEOS_DEPLOYMENT_TARGET = 15.0;
				MTL_ENABLE_DEBUG_INFO = INCLUDE_SOURCE;
				MTL_FAST_MATH = YES;
				ONLY_ACTIVE_ARCH = YES;
				PRODUCT_NAME = "$(TARGET_NAME)";
				SDKROOT = iphoneos;
				SWIFT_ACTIVE_COMPILATION_CONDITIONS = DEBUG;
				SWIFT_OPTIMIZATION_LEVEL = "-Onone";
				SWIFT_VERSION = 5.0;
			};
			name = Debug;
		};
		36D76D29057DDAFB78C1EB9E /* Release */ = {
			isa = XCBuildConfiguration;
			buildSettings = {
				ALWAYS_SEARCH_USER_PATHS = NO;
				CLANG_ANALYZER_NONNULL = YES;
				CLANG_ANALYZER_NUMBER_OBJECT_CONVERSION = YES_AGGRESSIVE;
				CLANG_CXX_LANGUAGE_STANDARD = "gnu++14";
				CLANG_CXX_LIBRARY = "libc++";
				CLANG_ENABLE_MODULES = YES;
				CLANG_ENABLE_OBJC_ARC = YES;
				CLANG_ENABLE_OBJC_WEAK = YES;
				CLANG_WARN_BLOCK_CAPTURE_AUTORELEASING = YES;
				CLANG_WARN_BOOL_CONVERSION = YES;
				CLANG_WARN_COMMA = YES;
				CLANG_WARN_CONSTANT_CONVERSION = YES;
				CLANG_WARN_DEPRECATED_OBJC_IMPLEMENTATIONS = YES;
				CLANG_WARN_DIRECT_OBJC_ISA_USAGE = YES_ERROR;
				CLANG_WARN_DOCUMENTATION_COMMENTS = YES;
				CLANG_WARN_EMPTY_BODY = YES;
				CLANG_WARN_ENUM_CONVERSION = YES;
				CLANG_WARN_INFINITE_RECURSION = YES;
				CLANG_WARN_INT_CONVERSION = YES;
				CLANG_WARN_NON_LITERAL_NULL_CONVERSION = YES;
				CLANG_WARN_OBJC_IMPLICIT_RETAIN_SELF = YES;
				CLANG_WARN_OBJC_LITERAL_CONVERSION = YES;
				CLANG_WARN_OBJC_ROOT_CLASS = YES_ERROR;
				CLANG_WARN_QUOTED_INCLUDE_IN_FRAMEWORK_HEADER = YES;
				CLANG_WARN_RANGE_LOOP_ANALYSIS = YES;
				CLANG_WARN_STRICT_PROTOTYPES = YES;
				CLANG_WARN_SUSPICIOUS_MOVE = YES;
				CLANG_WARN_UNGUARDED_AVAILABILITY = YES_AGGRESSIVE;
				CLANG_WARN_UNREACHABLE_CODE = YES;
				CLANG_WARN__DUPLICATE_METHOD_MATCH = YES;
				COPY_PHASE_STRIP = NO;
				DEBUG_INFORMATION_FORMAT = "dwarf-with-dsym";
				ENABLE_NS_ASSERTIONS = NO;
				ENABLE_STRICT_OBJC_MSGSEND = YES;
				GCC_C_LANGUAGE_STANDARD = gnu11;
				GCC_NO_COMMON_BLOCKS = YES;
				GCC_WARN_64_TO_32_BIT_CONVERSION = YES;
				GCC_WARN_ABOUT_RETURN_TYPE = YES_ERROR;
				GCC_WARN_UNDECLARED_SELECTOR = YES;
				GCC_WARN_UNINITIALIZED_AUTOS = YES_AGGRESSIVE;
				GCC_WARN_UNUSED_FUNCTION = YES;
				GCC_WARN_UNUSED_VARIABLE = YES;
				IPHONEOS_DEPLOYMENT_TARGET = 15.0;
				MTL_ENABLE_DEBUG_INFO = NO;
				MTL_FAST_MATH = YES;
				PRODUCT_NAME = "$(TARGET_NAME)";
				SDKROOT = iphoneos;
				SWIFT_COMPILATION_MODE = wholemodule;
				SWIFT_OPTIMIZATION_LEVEL = "-O";
				SWIFT_VERSION = 5.0;
			};
			name = Release;
		};
		58F8DC9D124734872D54312D /* Release */ = {
			isa = XCBuildConfiguration;
			buildSettings = {
				ASSETCATALOG_COMPILER_APPICON_NAME = AppIcon;
				CODE_SIGN_IDENTITY = "iPhone Developer";
				CURRENT_PROJECT_VERSION = 1;
				FRAMEWORK_SEARCH_PATHS = (
					"$(SDKROOT)/System/Library/Frameworks",
				);
				HEADER_SEARCH_PATHS = (
					"$(PROJECT_DIR)/../../src",
				);
				INFOPLIST_FILE = EdgeJSDemo/Info.plist;
				LD_RUNPATH_SEARCH_PATHS = (
					"$(inherited)",
					"@executable_path/Frameworks",
				);
				MARKETING_VERSION = 1.0;
				OTHER_LDFLAGS = (
					"-lc++",
					"-force_load",
					"$(PROJECT_DIR)/Frameworks/libedgejs.a",
				);
				PRODUCT_BUNDLE_IDENTIFIER = com.edgejs.demo;
				SDKROOT = iphoneos;
				SWIFT_OBJC_BRIDGING_HEADER = "EdgeJS-Bridging-Header.h";
				TARGETED_DEVICE_FAMILY = "1,2";
			};
			name = Release;
		};
		67C48314AC4E40305B9197AA /* Debug */ = {
			isa = XCBuildConfiguration;
			buildSettings = {
				BUNDLE_LOADER = "$(TEST_HOST)";
				LD_RUNPATH_SEARCH_PATHS = (
					"$(inherited)",
					"@executable_path/Frameworks",
					"@loader_path/Frameworks",
				);
				PRODUCT_BUNDLE_IDENTIFIER = com.edgejs.EdgeJSDemoUITests;
				SDKROOT = iphoneos;
				TARGETED_DEVICE_FAMILY = "1,2";
				TEST_TARGET_NAME = EdgeJSDemo;
			};
			name = Debug;
		};
		94C07A2C9EF2052F14E45793 /* Release */ = {
			isa = XCBuildConfiguration;
			buildSettings = {
				BUNDLE_LOADER = "$(TEST_HOST)";
				LD_RUNPATH_SEARCH_PATHS = (
					"$(inherited)",
					"@executable_path/Frameworks",
					"@loader_path/Frameworks",
				);
				PRODUCT_BUNDLE_IDENTIFIER = com.edgejs.EdgeJSDemoUITests;
				SDKROOT = iphoneos;
				TARGETED_DEVICE_FAMILY = "1,2";
				TEST_TARGET_NAME = EdgeJSDemo;
			};
			name = Release;
		};
		B248B453FDBD271E4A3635E3 /* Debug */ = {
			isa = XCBuildConfiguration;
			buildSettings = {
				ASSETCATALOG_COMPILER_APPICON_NAME = AppIcon;
				CODE_SIGN_IDENTITY = "iPhone Developer";
				CURRENT_PROJECT_VERSION = 1;
				FRAMEWORK_SEARCH_PATHS = (
					"$(SDKROOT)/System/Library/Frameworks",
				);
				HEADER_SEARCH_PATHS = (
					"$(PROJECT_DIR)/../../src",
				);
				INFOPLIST_FILE = EdgeJSDemo/Info.plist;
				LD_RUNPATH_SEARCH_PATHS = (
					"$(inherited)",
					"@executable_path/Frameworks",
				);
				MARKETING_VERSION = 1.0;
				OTHER_LDFLAGS = (
					"-lc++",
					"-force_load",
					"$(PROJECT_DIR)/Frameworks/libedgejs.a",
				);
				PRODUCT_BUNDLE_IDENTIFIER = com.edgejs.demo;
				SDKROOT = iphoneos;
				SWIFT_OBJC_BRIDGING_HEADER = "EdgeJS-Bridging-Header.h";
				TARGETED_DEVICE_FAMILY = "1,2";
			};
			name = Debug;
		};
/* End XCBuildConfiguration section */

/* Begin XCConfigurationList section */
		5554F13BED6AF0C0A297251E /* Build configuration list for PBXNativeTarget "EdgeJSDemoUITests" */ = {
			isa = XCConfigurationList;
			buildConfigurations = (
				67C48314AC4E40305B9197AA /* Debug */,
				94C07A2C9EF2052F14E45793 /* Release */,
			);
			defaultConfigurationIsVisible = 0;
			defaultConfigurationName = Debug;
		};
		62E72A5414AE5383D3ED82CF /* Build configuration list for PBXProject "EdgeJSDemo" */ = {
			isa = XCConfigurationList;
			buildConfigurations = (
				1DC51F0306E1024202016D45 /* Debug */,
				36D76D29057DDAFB78C1EB9E /* Release */,
			);
			defaultConfigurationIsVisible = 0;
			defaultConfigurationName = Debug;
		};
		C13B6427239EDD8681FC1455 /* Build configuration list for PBXNativeTarget "EdgeJSDemo" */ = {
			isa = XCConfigurationList;
			buildConfigurations = (
				B248B453FDBD271E4A3635E3 /* Debug */,
				58F8DC9D124734872D54312D /* Release */,
			);
			defaultConfigurationIsVisible = 0;
			defaultConfigurationName = Debug;
		};
/* End XCConfigurationList section */
	};
	rootObject = 48ACAAE70383C8E061CFC8F0 /* Project object */;
}
